
Microsoft Visual Studio Solution File, Format Version 12.00
# Visual Studio Version 16
VisualStudioVersion = 16.0.33927.289
MinimumVisualStudioVersion = 10.0.40219.1
Project("{2150E333-8FDC-42A3-9474-1A3956D46DE8}") = "Task0", "Task0", "{B481B31E-E321-4615-8F5C-A072C0F62E8B}"
EndProject
Project("{FAE04EC0-301F-11D3-BF4B-00C04F79EFBC}") = "Tyuiu.GorbunovAA.Sprint0.Task0.V0", "Tyuiu.GorbunovAA.Sprint0.Task0.V0\Tyuiu.GorbunovAA.Sprint0.Task0.V0.csproj", "{8F46CEC5-1371-4219-A49D-4FB4BB67F42C}"
EndProject
Project("{2150E333-8FDC-42A3-9474-1A3956D46DE8}") = "NewFolder1", "NewFolder1", "{0EC278B9-E6ED-451B-A2A5-B67FFFA4B391}"
EndProject
Project("{2150E333-8FDC-42A3-9474-1A3956D46DE8}") = "NewFolder2", "NewFolder2", "{DE3681B8-7A35-4AB5-8F31-028480426779}"
EndProject
Project("{2150E333-8FDC-42A3-9474-1A3956D46DE8}") = "Task1", "Task1", "{E6106173-BD64-4F73-AE30-7273A8FAC85E}"
EndProject
Project("{FAE04EC0-301F-11D3-BF4B-00C04F79EFBC}") = "Tyuiu.GorbunovAA.Sprint0.Task1.V0", "Tyui.GorbunovAA.Sprint0.Task1.V0\Tyuiu.GorbunovAA.Sprint0.Task1.V0.csproj", "{47C13CB1-51D7-408B-8A54-2BC07C98A762}"
EndProject
Project("{2150E333-8FDC-42A3-9474-1A3956D46DE8}") = "Task2", "Task2", "{A8916C26-6ABD-499C-8E3B-E8351309BD9C}"
EndProject
Project("{FAE04EC0-301F-11D3-BF4B-00C04F79EFBC}") = "Tyuiu.GorbunovAA.Sprint0.Task2.V0", "Tyui.GorbunovAA.Sprint0.Task2.V0\Tyuiu.GorbunovAA.Sprint0.Task2.V0.csproj", "{E923C153-6AB1-4261-A60F-84360ABCCEB6}"
EndProject
Project("{FAE04EC0-301F-11D3-BF4B-00C04F79EFBC}") = "Tyuiu.GorbunovAA.Sprint0.Task2.V0.Lib", "Tyuiu.GorbunovAA.Sprint0.Task2.V0.Lib\Tyuiu.GorbunovAA.Sprint0.Task2.V0.Lib.csproj", "{DBFE05E5-CCA4-44C9-930B-44BFE0DF2049}"
EndProject
Project("{FAE04EC0-301F-11D3-BF4B-00C04F79EFBC}") = "Tyuiu.GorbunovAA.Sprint0.Task2.V0.Test", "Tyuiu.GorbunovAA.Sprint0.Task2.V0.Test\Tyuiu.GorbunovAA.Sprint0.Task2.V0.Test.csproj", "{455DEFC7-F89A-44F9-A662-D74F55FD24CC}"
EndProject
Project("{2150E333-8FDC-42A3-9474-1A3956D46DE8}") = "Task3", "Task3", "{B3EDF199-166B-4849-BC1F-D6239850A86D}"
EndProject
Project("{FAE04EC0-301F-11D3-BF4B-00C04F79EFBC}") = "Tyuiu.GorbunovAA.Sprint0.Task3.V0", "Tyuiu.GorbunovAA.Sprint0.Task3.V0\Tyuiu.GorbunovAA.Sprint0.Task3.V0.csproj", "{044852F6-E926-4C42-BED8-7E0451143368}"
EndProject
Project("{FAE04EC0-301F-11D3-BF4B-00C04F79EFBC}") = "Tyuiu.GorbunovAA.Sprint0.Task3.V0.Lib", "Tyuiu.GorbunovAA.Sprint0.Task3.V0.Lib\Tyuiu.GorbunovAA.Sprint0.Task3.V0.Lib.csproj", "{993569C9-F50E-49A4-9A14-672A01EDEC56}"
EndProject
Project("{FAE04EC0-301F-11D3-BF4B-00C04F79EFBC}") = "Tyuiu.GorbunovAA.Sprint0.Task3.V0.Test", "Tyuiu.GorbunovAA.Sprint0.Task3.V0.Test\Tyuiu.GorbunovAA.Sprint0.Task3.V0.Test.csproj", "{ACA125BF-2573-47AE-9965-5CA2E062C713}"
EndProject
Project("{2150E333-8FDC-42A3-9474-1A3956D46DE8}") = "Task4", "Task4", "{95631D93-EF14-4621-BD7F-9A6DA0F08B69}"
EndProject
Project("{FAE04EC0-301F-11D3-BF4B-00C04F79EFBC}") = "Tyuiu.GorbunovAA.Sprint0.Task4.V0", "Tyuiu.GorbunovAA.Sprint0.Task4.V0\Tyuiu.GorbunovAA.Sprint0.Task4.V0.csproj", "{A6BB87C4-0703-4153-98C2-0727BABF92CD}"
EndProject
Project("{FAE04EC0-301F-11D3-BF4B-00C04F79EFBC}") = "Tyuiu.GorbunovAA.Sprint0.Task4.V0.Lib", "Tyuiu.GorbunovAA.Sprint0.Task4.Lib\Tyuiu.GorbunovAA.Sprint0.Task4.V0.Lib.csproj", "{2E1901DD-4467-4BAD-A27C-32FFE84D96D4}"
EndProject
Project("{FAE04EC0-301F-11D3-BF4B-00C04F79EFBC}") = "Tyuiu.GorbunovAA.Sprint0.Task4.V0.Test", "Tyuiu.GorbunovAA.Sprint0.Task4.Test\Tyuiu.GorbunovAA.Sprint0.Task4.V0.Test.csproj", "{D01B7D53-7E49-4A4D-978A-3254D69FDF62}"
EndProject
Project("{2150E333-8FDC-42A3-9474-1A3956D46DE8}") = "Task5", "Task5", "{296AEB0D-9505-42E5-99E8-F4F03E3F2D97}"
EndProject
Project("{FAE04EC0-301F-11D3-BF4B-00C04F79EFBC}") = "Tyuiu.GorbunovAA.Sprint0.Task5.V0", "Tyuiu.GorbunovAA.Sprint0.Task5.V0\Tyuiu.GorbunovAA.Sprint0.Task5.V0.csproj", "{C6E3A8A5-BDC5-491B-BDDB-C28F7E3A289F}"
EndProject
Project("{FAE04EC0-301F-11D3-BF4B-00C04F79EFBC}") = "Tyuiu.GorbunovAA.Sprint0.Task5.V0.Lib", "Tyuiu.GorbunovAA.Sprint0.Task5.V0.Lib\Tyuiu.GorbunovAA.Sprint0.Task5.V0.Lib.csproj", "{244B2564-8538-43EB-AA38-68CE6D304BC7}"
EndProject
Project("{FAE04EC0-301F-11D3-BF4B-00C04F79EFBC}") = "Tyuiu.GorbunovAA.Sprint0.Task5.V0.Test", "Tyuiu.GorbunovAA.Sprint0.Task5.V0.Test\Tyuiu.GorbunovAA.Sprint0.Task5.V0.Test.csproj", "{D17E330B-27DC-409D-BF1F-AAA8C072045C}"
EndProject
Project("{2150E333-8FDC-42A3-9474-1A3956D46DE8}") = "Task6", "Task6", "{EAAA392F-0257-4FCC-85FE-2DC5ED74C6D3}"
EndProject
Project("{FAE04EC0-301F-11D3-BF4B-00C04F79EFBC}") = "Tyuiu.GorbunovAA.Sprint0.Task6.V0", "Tyuiu.GorbunovAA.Sprint0.Task6.V0\Tyuiu.GorbunovAA.Sprint0.Task6.V0.csproj", "{3FAAA88C-2169-4C1E-B488-A25D8D62AB22}"
EndProject
Project("{FAE04EC0-301F-11D3-BF4B-00C04F79EFBC}") = "Tyuiu.GorbunovAA.Sprint0.Task6.V0.Lib", "Tyuiu.GorbunovAA.Sprint0.Task6.V0.Lib\Tyuiu.GorbunovAA.Sprint0.Task6.V0.Lib.csproj", "{6F3E3FE7-04B0-4836-ACFC-D40A00D00D3F}"
EndProject
Project("{FAE04EC0-301F-11D3-BF4B-00C04F79EFBC}") = "Tyuiu.GorbunovAA.Sprint0.Task6.V0.Test", "Tyuiu.GorbunovAA.Sprint0.Task6.V0.Test\Tyuiu.GorbunovAA.Sprint0.Task6.V0.Test.csproj", "{B0154F62-E238-40D1-A66E-6E208FE7C09C}"
EndProject
Project("{2150E333-8FDC-42A3-9474-1A3956D46DE8}") = "Task7", "Task7", "{22162CA2-61C5-4FF3-9527-FE24DA494DF2}"
EndProject
Project("{FAE04EC0-301F-11D3-BF4B-00C04F79EFBC}") = "Tyuiu.GorbunovAA.Sprint0.Task7.V0", "Tyuiu.GorbunovAA.Sprint0.Task7.V0\Tyuiu.GorbunovAA.Sprint0.Task7.V0.csproj", "{E1B98BD0-E93A-4A88-8748-306933719116}"
EndProject
Project("{FAE04EC0-301F-11D3-BF4B-00C04F79EFBC}") = "Tyuiu.GorbunovAA.Sprint0.Task7.V0.Lib", "Tyuiu.GorbunovAA.Sprint0.Task7.V0.Lib\Tyuiu.GorbunovAA.Sprint0.Task7.V0.Lib.csproj", "{C98E2998-6C1D-487B-8018-9B52FC1B9189}"
EndProject
Project("{FAE04EC0-301F-11D3-BF4B-00C04F79EFBC}") = "Tyuiu.GorbunovAA.Sprint0.Task7.V0.Test", "Tyuiu.GorbunovAA.Sprint0.Task7.V0.Test\Tyuiu.GorbunovAA.Sprint0.Task7.V0.Test.csproj", "{1495EC73-0D99-4F18-B479-BA3649843B70}"
EndProject
Global
	GlobalSection(SolutionConfigurationPlatforms) = preSolution
		Debug|Any CPU = Debug|Any CPU
		Release|Any CPU = Release|Any CPU
	EndGlobalSection
	GlobalSection(ProjectConfigurationPlatforms) = postSolution
		{8F46CEC5-1371-4219-A49D-4FB4BB67F42C}.Debug|Any CPU.ActiveCfg = Debug|Any CPU
		{8F46CEC5-1371-4219-A49D-4FB4BB67F42C}.Debug|Any CPU.Build.0 = Debug|Any CPU
		{8F46CEC5-1371-4219-A49D-4FB4BB67F42C}.Release|Any CPU.ActiveCfg = Release|Any CPU
		{8F46CEC5-1371-4219-A49D-4FB4BB67F42C}.Release|Any CPU.Build.0 = Release|Any CPU
		{47C13CB1-51D7-408B-8A54-2BC07C98A762}.Debug|Any CPU.ActiveCfg = Debug|Any CPU
		{47C13CB1-51D7-408B-8A54-2BC07C98A762}.Debug|Any CPU.Build.0 = Debug|Any CPU
		{47C13CB1-51D7-408B-8A54-2BC07C98A762}.Release|Any CPU.ActiveCfg = Release|Any CPU
		{47C13CB1-51D7-408B-8A54-2BC07C98A762}.Release|Any CPU.Build.0 = Release|Any CPU
		{E923C153-6AB1-4261-A60F-84360ABCCEB6}.Debug|Any CPU.ActiveCfg = Debug|Any CPU
		{E923C153-6AB1-4261-A60F-84360ABCCEB6}.Debug|Any CPU.Build.0 = Debug|Any CPU
		{E923C153-6AB1-4261-A60F-84360ABCCEB6}.Release|Any CPU.ActiveCfg = Release|Any CPU
		{E923C153-6AB1-4261-A60F-84360ABCCEB6}.Release|Any CPU.Build.0 = Release|Any CPU
		{DBFE05E5-CCA4-44C9-930B-44BFE0DF2049}.Debug|Any CPU.ActiveCfg = Debug|Any CPU
		{DBFE05E5-CCA4-44C9-930B-44BFE0DF2049}.Debug|Any CPU.Build.0 = Debug|Any CPU
		{DBFE05E5-CCA4-44C9-930B-44BFE0DF2049}.Release|Any CPU.ActiveCfg = Release|Any CPU
		{DBFE05E5-CCA4-44C9-930B-44BFE0DF2049}.Release|Any CPU.Build.0 = Release|Any CPU
		{455DEFC7-F89A-44F9-A662-D74F55FD24CC}.Debug|Any CPU.ActiveCfg = Debug|Any CPU
		{455DEFC7-F89A-44F9-A662-D74F55FD24CC}.Debug|Any CPU.Build.0 = Debug|Any CPU
		{455DEFC7-F89A-44F9-A662-D74F55FD24CC}.Release|Any CPU.ActiveCfg = Release|Any CPU
		{455DEFC7-F89A-44F9-A662-D74F55FD24CC}.Release|Any CPU.Build.0 = Release|Any CPU
		{044852F6-E926-4C42-BED8-7E0451143368}.Debug|Any CPU.ActiveCfg = Debug|Any CPU
		{044852F6-E926-4C42-BED8-7E0451143368}.Debug|Any CPU.Build.0 = Debug|Any CPU
		{044852F6-E926-4C42-BED8-7E0451143368}.Release|Any CPU.ActiveCfg = Release|Any CPU
		{044852F6-E926-4C42-BED8-7E0451143368}.Release|Any CPU.Build.0 = Release|Any CPU
		{993569C9-F50E-49A4-9A14-672A01EDEC56}.Debug|Any CPU.ActiveCfg = Debug|Any CPU
		{993569C9-F50E-49A4-9A14-672A01EDEC56}.Debug|Any CPU.Build.0 = Debug|Any CPU
		{993569C9-F50E-49A4-9A14-672A01EDEC56}.Release|Any CPU.ActiveCfg = Release|Any CPU
		{993569C9-F50E-49A4-9A14-672A01EDEC56}.Release|Any CPU.Build.0 = Release|Any CPU
		{ACA125BF-2573-47AE-9965-5CA2E062C713}.Debug|Any CPU.ActiveCfg = Debug|Any CPU
		{ACA125BF-2573-47AE-9965-5CA2E062C713}.Debug|Any CPU.Build.0 = Debug|Any CPU
		{ACA125BF-2573-47AE-9965-5CA2E062C713}.Release|Any CPU.ActiveCfg = Release|Any CPU
		{ACA125BF-2573-47AE-9965-5CA2E062C713}.Release|Any CPU.Build.0 = Release|Any CPU
		{A6BB87C4-0703-4153-98C2-0727BABF92CD}.Debug|Any CPU.ActiveCfg = Debug|Any CPU
		{A6BB87C4-0703-4153-98C2-0727BABF92CD}.Debug|Any CPU.Build.0 = Debug|Any CPU
		{A6BB87C4-0703-4153-98C2-0727BABF92CD}.Release|Any CPU.ActiveCfg = Release|Any CPU
		{A6BB87C4-0703-4153-98C2-0727BABF92CD}.Release|Any CPU.Build.0 = Release|Any CPU
		{2E1901DD-4467-4BAD-A27C-32FFE84D96D4}.Debug|Any CPU.ActiveCfg = Debug|Any CPU
		{2E1901DD-4467-4BAD-A27C-32FFE84D96D4}.Debug|Any CPU.Build.0 = Debug|Any CPU
		{2E1901DD-4467-4BAD-A27C-32FFE84D96D4}.Release|Any CPU.ActiveCfg = Release|Any CPU
		{2E1901DD-4467-4BAD-A27C-32FFE84D96D4}.Release|Any CPU.Build.0 = Release|Any CPU
		{D01B7D53-7E49-4A4D-978A-3254D69FDF62}.Debug|Any CPU.ActiveCfg = Debug|Any CPU
		{D01B7D53-7E49-4A4D-978A-3254D69FDF62}.Debug|Any CPU.Build.0 = Debug|Any CPU
		{D01B7D53-7E49-4A4D-978A-3254D69FDF62}.Release|Any CPU.ActiveCfg = Release|Any CPU
		{D01B7D53-7E49-4A4D-978A-3254D69FDF62}.Release|Any CPU.Build.0 = Release|Any CPU
		{C6E3A8A5-BDC5-491B-BDDB-C28F7E3A289F}.Debug|Any CPU.ActiveCfg = Debug|Any CPU
		{C6E3A8A5-BDC5-491B-BDDB-C28F7E3A289F}.Debug|Any CPU.Build.0 = Debug|Any CPU
		{C6E3A8A5-BDC5-491B-BDDB-C28F7E3A289F}.Release|Any CPU.ActiveCfg = Release|Any CPU
		{C6E3A8A5-BDC5-491B-BDDB-C28F7E3A289F}.Release|Any CPU.Build.0 = Release|Any CPU
		{244B2564-8538-43EB-AA38-68CE6D304BC7}.Debug|Any CPU.ActiveCfg = Debug|Any CPU
		{244B2564-8538-43EB-AA38-68CE6D304BC7}.Debug|Any CPU.Build.0 = Debug|Any CPU
		{244B2564-8538-43EB-AA38-68CE6D304BC7}.Release|Any CPU.ActiveCfg = Release|Any CPU
		{244B2564-8538-43EB-AA38-68CE6D304BC7}.Release|Any CPU.Build.0 = Release|Any CPU
		{D17E330B-27DC-409D-BF1F-AAA8C072045C}.Debug|Any CPU.ActiveCfg = Debug|Any CPU
		{D17E330B-27DC-409D-BF1F-AAA8C072045C}.Debug|Any CPU.Build.0 = Debug|Any CPU
		{D17E330B-27DC-409D-BF1F-AAA8C072045C}.Release|Any CPU.ActiveCfg = Release|Any CPU
		{D17E330B-27DC-409D-BF1F-AAA8C072045C}.Release|Any CPU.Build.0 = Release|Any CPU
		{3FAAA88C-2169-4C1E-B488-A25D8D62AB22}.Debug|Any CPU.ActiveCfg = Debug|Any CPU
		{3FAAA88C-2169-4C1E-B488-A25D8D62AB22}.Debug|Any CPU.Build.0 = Debug|Any CPU
		{3FAAA88C-2169-4C1E-B488-A25D8D62AB22}.Release|Any CPU.ActiveCfg = Release|Any CPU
		{3FAAA88C-2169-4C1E-B488-A25D8D62AB22}.Release|Any CPU.Build.0 = Release|Any CPU
		{6F3E3FE7-04B0-4836-ACFC-D40A00D00D3F}.Debug|Any CPU.ActiveCfg = Debug|Any CPU
		{6F3E3FE7-04B0-4836-ACFC-D40A00D00D3F}.Debug|Any CPU.Build.0 = Debug|Any CPU
		{6F3E3FE7-04B0-4836-ACFC-D40A00D00D3F}.Release|Any CPU.ActiveCfg = Release|Any CPU
		{6F3E3FE7-04B0-4836-ACFC-D40A00D00D3F}.Release|Any CPU.Build.0 = Release|Any CPU
		{B0154F62-E238-40D1-A66E-6E208FE7C09C}.Debug|Any CPU.ActiveCfg = Debug|Any CPU
		{B0154F62-E238-40D1-A66E-6E208FE7C09C}.Debug|Any CPU.Build.0 = Debug|Any CPU
		{B0154F62-E238-40D1-A66E-6E208FE7C09C}.Release|Any CPU.ActiveCfg = Release|Any CPU
		{B0154F62-E238-40D1-A66E-6E208FE7C09C}.Release|Any CPU.Build.0 = Release|Any CPU
		{E1B98BD0-E93A-4A88-8748-306933719116}.Debug|Any CPU.ActiveCfg = Debug|Any CPU
		{E1B98BD0-E93A-4A88-8748-306933719116}.Debug|Any CPU.Build.0 = Debug|Any CPU
		{E1B98BD0-E93A-4A88-8748-306933719116}.Release|Any CPU.ActiveCfg = Release|Any CPU
		{E1B98BD0-E93A-4A88-8748-306933719116}.Release|Any CPU.Build.0 = Release|Any CPU
		{C98E2998-6C1D-487B-8018-9B52FC1B9189}.Debug|Any CPU.ActiveCfg = Debug|Any CPU
		{C98E2998-6C1D-487B-8018-9B52FC1B9189}.Debug|Any CPU.Build.0 = Debug|Any CPU
		{C98E2998-6C1D-487B-8018-9B52FC1B9189}.Release|Any CPU.ActiveCfg = Release|Any CPU
		{C98E2998-6C1D-487B-8018-9B52FC1B9189}.Release|Any CPU.Build.0 = Release|Any CPU
		{1495EC73-0D99-4F18-B479-BA3649843B70}.Debug|Any CPU.ActiveCfg = Debug|Any CPU
		{1495EC73-0D99-4F18-B479-BA3649843B70}.Debug|Any CPU.Build.0 = Debug|Any CPU
		{1495EC73-0D99-4F18-B479-BA3649843B70}.Release|Any CPU.ActiveCfg = Release|Any CPU
		{1495EC73-0D99-4F18-B479-BA3649843B70}.Release|Any CPU.Build.0 = Release|Any CPU
	EndGlobalSection
	GlobalSection(SolutionProperties) = preSolution
		HideSolutionNode = FALSE
	EndGlobalSection
	GlobalSection(NestedProjects) = preSolution
		{8F46CEC5-1371-4219-A49D-4FB4BB67F42C} = {B481B31E-E321-4615-8F5C-A072C0F62E8B}
		{0EC278B9-E6ED-451B-A2A5-B67FFFA4B391} = {B481B31E-E321-4615-8F5C-A072C0F62E8B}
		{DE3681B8-7A35-4AB5-8F31-028480426779} = {B481B31E-E321-4615-8F5C-A072C0F62E8B}
		{47C13CB1-51D7-408B-8A54-2BC07C98A762} = {E6106173-BD64-4F73-AE30-7273A8FAC85E}
		{E923C153-6AB1-4261-A60F-84360ABCCEB6} = {A8916C26-6ABD-499C-8E3B-E8351309BD9C}
		{DBFE05E5-CCA4-44C9-930B-44BFE0DF2049} = {A8916C26-6ABD-499C-8E3B-E8351309BD9C}
		{455DEFC7-F89A-44F9-A662-D74F55FD24CC} = {A8916C26-6ABD-499C-8E3B-E8351309BD9C}
		{044852F6-E926-4C42-BED8-7E0451143368} = {B3EDF199-166B-4849-BC1F-D6239850A86D}
		{993569C9-F50E-49A4-9A14-672A01EDEC56} = {B3EDF199-166B-4849-BC1F-D6239850A86D}
		{ACA125BF-2573-47AE-9965-5CA2E062C713} = {B3EDF199-166B-4849-BC1F-D6239850A86D}
		{A6BB87C4-0703-4153-98C2-0727BABF92CD} = {95631D93-EF14-4621-BD7F-9A6DA0F08B69}
		{2E1901DD-4467-4BAD-A27C-32FFE84D96D4} = {95631D93-EF14-4621-BD7F-9A6DA0F08B69}
		{D01B7D53-7E49-4A4D-978A-3254D69FDF62} = {95631D93-EF14-4621-BD7F-9A6DA0F08B69}
		{C6E3A8A5-BDC5-491B-BDDB-C28F7E3A289F} = {296AEB0D-9505-42E5-99E8-F4F03E3F2D97}
		{244B2564-8538-43EB-AA38-68CE6D304BC7} = {296AEB0D-9505-42E5-99E8-F4F03E3F2D97}
		{D17E330B-27DC-409D-BF1F-AAA8C072045C} = {296AEB0D-9505-42E5-99E8-F4F03E3F2D97}
		{3FAAA88C-2169-4C1E-B488-A25D8D62AB22} = {EAAA392F-0257-4FCC-85FE-2DC5ED74C6D3}
		{6F3E3FE7-04B0-4836-ACFC-D40A00D00D3F} = {EAAA392F-0257-4FCC-85FE-2DC5ED74C6D3}
		{B0154F62-E238-40D1-A66E-6E208FE7C09C} = {EAAA392F-0257-4FCC-85FE-2DC5ED74C6D3}
		{E1B98BD0-E93A-4A88-8748-306933719116} = {22162CA2-61C5-4FF3-9527-FE24DA494DF2}
		{C98E2998-6C1D-487B-8018-9B52FC1B9189} = {22162CA2-61C5-4FF3-9527-FE24DA494DF2}
		{1495EC73-0D99-4F18-B479-BA3649843B70} = {22162CA2-61C5-4FF3-9527-FE24DA494DF2}
	EndGlobalSection
	GlobalSection(ExtensibilityGlobals) = postSolution
		SolutionGuid = {4AA2E052-1642-4B61-87B3-5F420BAC180D}
	EndGlobalSection
EndGlobal
