
Microsoft Visual Studio Solution File, Format Version 12.00
# Visual Studio Version 16
VisualStudioVersion = 16.0.33927.289
MinimumVisualStudioVersion = 10.0.40219.1
Project("{2150E333-8FDC-42A3-9474-1A3956D46DE8}") = "Task0", "Task0", "{B481B31E-E321-4615-8F5C-A072C0F62E8B}"
EndProject
Project("{FAE04EC0-301F-11D3-BF4B-00C04F79EFBC}") = "Tyuiu.GorbunovAA.Sprint0.Task0.V0", "Tyuiu.GorbunovAA.Sprint0.Task0.V0\Tyuiu.GorbunovAA.Sprint0.Task0.V0.csproj", "{8F46CEC5-1371-4219-A49D-4FB4BB67F42C}"
EndProject
Project("{2150E333-8FDC-42A3-9474-1A3956D46DE8}") = "NewFolder1", "NewFolder1", "{0EC278B9-E6ED-451B-A2A5-B67FFFA4B391}"
EndProject
Project("{2150E333-8FDC-42A3-9474-1A3956D46DE8}") = "NewFolder2", "NewFolder2", "{DE3681B8-7A35-4AB5-8F31-028480426779}"
EndProject
Project("{2150E333-8FDC-42A3-9474-1A3956D46DE8}") = "Task1", "Task1", "{E6106173-BD64-4F73-AE30-7273A8FAC85E}"
EndProject
Project("{FAE04EC0-301F-11D3-BF4B-00C04F79EFBC}") = "Tyuiu.GorbunovAA.Sprint0.Task1.V0", "Tyui.GorbunovAA.Sprint0.Task1.V0\Tyuiu.GorbunovAA.Sprint0.Task1.V0.csproj", "{47C13CB1-51D7-408B-8A54-2BC07C98A762}"
EndProject
Project("{2150E333-8FDC-42A3-9474-1A3956D46DE8}") = "Task2", "Task2", "{A8916C26-6ABD-499C-8E3B-E8351309BD9C}"
EndProject
Project("{FAE04EC0-301F-11D3-BF4B-00C04F79EFBC}") = "Tyuiu.GorbunovAA.Sprint0.Task2.V0", "Tyui.GorbunovAA.Sprint0.Task2.V0\Tyuiu.GorbunovAA.Sprint0.Task2.V0.csproj", "{E923C153-6AB1-4261-A60F-84360ABCCEB6}"
EndProject
Project("{FAE04EC0-301F-11D3-BF4B-00C04F79EFBC}") = "Tyuiu.GorbunovAA.Sprint0.Task2.V0.Lib", "Tyuiu.GorbunovAA.Sprint0.Task2.V0.Lib\Tyuiu.GorbunovAA.Sprint0.Task2.V0.Lib.csproj", "{DBFE05E5-CCA4-44C9-930B-44BFE0DF2049}"
EndProject
Project("{FAE04EC0-301F-11D3-BF4B-00C04F79EFBC}") = "Tyuiu.GorbunovAA.Sprint0.Task2.V0.Test", "Tyuiu.GorbunovAA.Sprint0.Task2.V0.Test\Tyuiu.GorbunovAA.Sprint0.Task2.V0.Test.csproj", "{455DEFC7-F89A-44F9-A662-D74F55FD24CC}"
EndProject
Project("{2150E333-8FDC-42A3-9474-1A3956D46DE8}") = "Task3", "Task3", "{B3EDF199-166B-4849-BC1F-D6239850A86D}"
EndProject
Project("{FAE04EC0-301F-11D3-BF4B-00C04F79EFBC}") = "Tyuiu.GorbunovAA.Sprint0.Task3.V0", "Tyuiu.GorbunovAA.Sprint0.Task3.V0\Tyuiu.GorbunovAA.Sprint0.Task3.V0.csproj", "{044852F6-E926-4C42-BED8-7E0451143368}"
EndProject
Project("{FAE04EC0-301F-11D3-BF4B-00C04F79EFBC}") = "Tyuiu.GorbunovAA.Sprint0.Task3.V0.Lib", "Tyuiu.GorbunovAA.Sprint0.Task3.V0.Lib\Tyuiu.GorbunovAA.Sprint0.Task3.V0.Lib.csproj", "{993569C9-F50E-49A4-9A14-672A01EDEC56}"
EndProject
Project("{FAE04EC0-301F-11D3-BF4B-00C04F79EFBC}") = "Tyuiu.GorbunovAA.Sprint0.Task3.V0.Test", "Tyuiu.GorbunovAA.Sprint0.Task3.V0.Test\Tyuiu.GorbunovAA.Sprint0.Task3.V0.Test.csproj", "{ACA125BF-2573-47AE-9965-5CA2E062C713}"
EndProject
Global
	GlobalSection(SolutionConfigurationPlatforms) = preSolution
		Debug|Any CPU = Debug|Any CPU
		Release|Any CPU = Release|Any CPU
	EndGlobalSection
	GlobalSection(ProjectConfigurationPlatforms) = postSolution
		{8F46CEC5-1371-4219-A49D-4FB4BB67F42C}.Debug|Any CPU.ActiveCfg = Debug|Any CPU
		{8F46CEC5-1371-4219-A49D-4FB4BB67F42C}.Debug|Any CPU.Build.0 = Debug|Any CPU
		{8F46CEC5-1371-4219-A49D-4FB4BB67F42C}.Release|Any CPU.ActiveCfg = Release|Any CPU
		{8F46CEC5-1371-4219-A49D-4FB4BB67F42C}.Release|Any CPU.Build.0 = Release|Any CPU
		{47C13CB1-51D7-408B-8A54-2BC07C98A762}.Debug|Any CPU.ActiveCfg = Debug|Any CPU
		{47C13CB1-51D7-408B-8A54-2BC07C98A762}.Debug|Any CPU.Build.0 = Debug|Any CPU
		{47C13CB1-51D7-408B-8A54-2BC07C98A762}.Release|Any CPU.ActiveCfg = Release|Any CPU
		{47C13CB1-51D7-408B-8A54-2BC07C98A762}.Release|Any CPU.Build.0 = Release|Any CPU
		{E923C153-6AB1-4261-A60F-84360ABCCEB6}.Debug|Any CPU.ActiveCfg = Debug|Any CPU
		{E923C153-6AB1-4261-A60F-84360ABCCEB6}.Debug|Any CPU.Build.0 = Debug|Any CPU
		{E923C153-6AB1-4261-A60F-84360ABCCEB6}.Release|Any CPU.ActiveCfg = Release|Any CPU
		{E923C153-6AB1-4261-A60F-84360ABCCEB6}.Release|Any CPU.Build.0 = Release|Any CPU
		{DBFE05E5-CCA4-44C9-930B-44BFE0DF2049}.Debug|Any CPU.ActiveCfg = Debug|Any CPU
		{DBFE05E5-CCA4-44C9-930B-44BFE0DF2049}.Debug|Any CPU.Build.0 = Debug|Any CPU
		{DBFE05E5-CCA4-44C9-930B-44BFE0DF2049}.Release|Any CPU.ActiveCfg = Release|Any CPU
		{DBFE05E5-CCA4-44C9-930B-44BFE0DF2049}.Release|Any CPU.Build.0 = Release|Any CPU
		{455DEFC7-F89A-44F9-A662-D74F55FD24CC}.Debug|Any CPU.ActiveCfg = Debug|Any CPU
		{455DEFC7-F89A-44F9-A662-D74F55FD24CC}.Debug|Any CPU.Build.0 = Debug|Any CPU
		{455DEFC7-F89A-44F9-A662-D74F55FD24CC}.Release|Any CPU.ActiveCfg = Release|Any CPU
		{455DEFC7-F89A-44F9-A662-D74F55FD24CC}.Release|Any CPU.Build.0 = Release|Any CPU
		{044852F6-E926-4C42-BED8-7E0451143368}.Debug|Any CPU.ActiveCfg = Debug|Any CPU
		{044852F6-E926-4C42-BED8-7E0451143368}.Debug|Any CPU.Build.0 = Debug|Any CPU
		{044852F6-E926-4C42-BED8-7E0451143368}.Release|Any CPU.ActiveCfg = Release|Any CPU
		{044852F6-E926-4C42-BED8-7E0451143368}.Release|Any CPU.Build.0 = Release|Any CPU
		{993569C9-F50E-49A4-9A14-672A01EDEC56}.Debug|Any CPU.ActiveCfg = Debug|Any CPU
		{993569C9-F50E-49A4-9A14-672A01EDEC56}.Debug|Any CPU.Build.0 = Debug|Any CPU
		{993569C9-F50E-49A4-9A14-672A01EDEC56}.Release|Any CPU.ActiveCfg = Release|Any CPU
		{993569C9-F50E-49A4-9A14-672A01EDEC56}.Release|Any CPU.Build.0 = Release|Any CPU
		{ACA125BF-2573-47AE-9965-5CA2E062C713}.Debug|Any CPU.ActiveCfg = Debug|Any CPU
		{ACA125BF-2573-47AE-9965-5CA2E062C713}.Debug|Any CPU.Build.0 = Debug|Any CPU
		{ACA125BF-2573-47AE-9965-5CA2E062C713}.Release|Any CPU.ActiveCfg = Release|Any CPU
		{ACA125BF-2573-47AE-9965-5CA2E062C713}.Release|Any CPU.Build.0 = Release|Any CPU
	EndGlobalSection
	GlobalSection(SolutionProperties) = preSolution
		HideSolutionNode = FALSE
	EndGlobalSection
	GlobalSection(NestedProjects) = preSolution
		{8F46CEC5-1371-4219-A49D-4FB4BB67F42C} = {B481B31E-E321-4615-8F5C-A072C0F62E8B}
		{0EC278B9-E6ED-451B-A2A5-B67FFFA4B391} = {B481B31E-E321-4615-8F5C-A072C0F62E8B}
		{DE3681B8-7A35-4AB5-8F31-028480426779} = {B481B31E-E321-4615-8F5C-A072C0F62E8B}
		{47C13CB1-51D7-408B-8A54-2BC07C98A762} = {E6106173-BD64-4F73-AE30-7273A8FAC85E}
		{E923C153-6AB1-4261-A60F-84360ABCCEB6} = {A8916C26-6ABD-499C-8E3B-E8351309BD9C}
		{DBFE05E5-CCA4-44C9-930B-44BFE0DF2049} = {A8916C26-6ABD-499C-8E3B-E8351309BD9C}
		{455DEFC7-F89A-44F9-A662-D74F55FD24CC} = {A8916C26-6ABD-499C-8E3B-E8351309BD9C}
		{044852F6-E926-4C42-BED8-7E0451143368} = {B3EDF199-166B-4849-BC1F-D6239850A86D}
		{993569C9-F50E-49A4-9A14-672A01EDEC56} = {B3EDF199-166B-4849-BC1F-D6239850A86D}
		{ACA125BF-2573-47AE-9965-5CA2E062C713} = {B3EDF199-166B-4849-BC1F-D6239850A86D}
	EndGlobalSection
	GlobalSection(ExtensibilityGlobals) = postSolution
		SolutionGuid = {4AA2E052-1642-4B61-87B3-5F420BAC180D}
	EndGlobalSection
EndGlobal
